// !$*UTF8*$!
{
	archiveVersion = 1;
	classes = {
	};
	objectVersion = 46;
	objects = {

/* Begin PBXBuildFile section */
		A214BFB71CD187120049DCEE /* CritDates-SectionsViewController.swift in Sources */ = {isa = PBXBuildFile; fileRef = A214BFB61CD187120049DCEE /* CritDates-SectionsViewController.swift */; };
		A2DB4F711CC73085002AA8C3 /* AppDelegate.swift in Sources */ = {isa = PBXBuildFile; fileRef = A2DB4F701CC73085002AA8C3 /* AppDelegate.swift */; };
		A2DB4F731CC73085002AA8C3 /* ViewController.swift in Sources */ = {isa = PBXBuildFile; fileRef = A2DB4F721CC73085002AA8C3 /* ViewController.swift */; };
		A2DB4F761CC73085002AA8C3 /* Main.storyboard in Resources */ = {isa = PBXBuildFile; fileRef = A2DB4F741CC73085002AA8C3 /* Main.storyboard */; };
		A2DB4F781CC73085002AA8C3 /* Assets.xcassets in Resources */ = {isa = PBXBuildFile; fileRef = A2DB4F771CC73085002AA8C3 /* Assets.xcassets */; };
		A2DB4F7B1CC73085002AA8C3 /* LaunchScreen.storyboard in Resources */ = {isa = PBXBuildFile; fileRef = A2DB4F791CC73085002AA8C3 /* LaunchScreen.storyboard */; };
/* End PBXBuildFile section */

/* Begin PBXFileReference section */
		A214BFB61CD187120049DCEE /* CritDates-SectionsViewController.swift */ = {isa = PBXFileReference; fileEncoding = 4; lastKnownFileType = sourcecode.swift; path = "CritDates-SectionsViewController.swift"; sourceTree = "<group>"; };
		A2DB4F6D1CC73085002AA8C3 /* CalendarioLobo.app */ = {isa = PBXFileReference; explicitFileType = wrapper.application; includeInIndex = 0; path = CalendarioLobo.app; sourceTree = BUILT_PRODUCTS_DIR; };
		A2DB4F701CC73085002AA8C3 /* AppDelegate.swift */ = {isa = PBXFileReference; lastKnownFileType = sourcecode.swift; path = AppDelegate.swift; sourceTree = "<group>"; };
		A2DB4F721CC73085002AA8C3 /* ViewController.swift */ = {isa = PBXFileReference; lastKnownFileType = sourcecode.swift; path = ViewController.swift; sourceTree = "<group>"; };
		A2DB4F751CC73085002AA8C3 /* Base */ = {isa = PBXFileReference; lastKnownFileType = file.storyboard; name = Base; path = Base.lproj/Main.storyboard; sourceTree = "<group>"; };
		A2DB4F771CC73085002AA8C3 /* Assets.xcassets */ = {isa = PBXFileReference; lastKnownFileType = folder.assetcatalog; path = Assets.xcassets; sourceTree = "<group>"; };
		A2DB4F7A1CC73085002AA8C3 /* Base */ = {isa = PBXFileReference; lastKnownFileType = file.storyboard; name = Base; path = Base.lproj/LaunchScreen.storyboard; sourceTree = "<group>"; };
		A2DB4F7C1CC73085002AA8C3 /* Info.plist */ = {isa = PBXFileReference; lastKnownFileType = text.plist.xml; path = Info.plist; sourceTree = "<group>"; };
/* End PBXFileReference section */

/* Begin PBXFrameworksBuildPhase section */
		A2DB4F6A1CC73085002AA8C3 /* Frameworks */ = {
			isa = PBXFrameworksBuildPhase;
			buildActionMask = 2147483647;
			files = (
			);
			runOnlyForDeploymentPostprocessing = 0;
		};
/* End PBXFrameworksBuildPhase section */

/* Begin PBXGroup section */
		A2DB4F641CC73085002AA8C3 = {
			isa = PBXGroup;
			children = (
				A2DB4F6F1CC73085002AA8C3 /* CalendarioLobo */,
				A2DB4F6E1CC73085002AA8C3 /* Products */,
			);
			sourceTree = "<group>";
		};
		A2DB4F6E1CC73085002AA8C3 /* Products */ = {
			isa = PBXGroup;
			children = (
				A2DB4F6D1CC73085002AA8C3 /* CalendarioLobo.app */,
			);
			name = Products;
			sourceTree = "<group>";
		};
		A2DB4F6F1CC73085002AA8C3 /* CalendarioLobo */ = {
			isa = PBXGroup;
			children = (
				A2DB4F841CC730D9002AA8C3 /* Controllers */,
				A2DB4F831CC730CF002AA8C3 /* Views */,
				A2DB4F821CC730C5002AA8C3 /* Models */,
				A2DB4F701CC73085002AA8C3 /* AppDelegate.swift */,
				A2DB4F771CC73085002AA8C3 /* Assets.xcassets */,
				A2DB4F7C1CC73085002AA8C3 /* Info.plist */,
			);
			path = CalendarioLobo;
			sourceTree = "<group>";
		};
		A2DB4F821CC730C5002AA8C3 /* Models */ = {
			isa = PBXGroup;
			children = (
			);
			name = Models;
			sourceTree = "<group>";
		};
		A2DB4F831CC730CF002AA8C3 /* Views */ = {
			isa = PBXGroup;
			children = (
				A2DB4F741CC73085002AA8C3 /* Main.storyboard */,
				A2DB4F791CC73085002AA8C3 /* LaunchScreen.storyboard */,
			);
			name = Views;
			sourceTree = "<group>";
		};
		A2DB4F841CC730D9002AA8C3 /* Controllers */ = {
			isa = PBXGroup;
			children = (
				A2DB4F721CC73085002AA8C3 /* ViewController.swift */,
				A214BFB61CD187120049DCEE /* CritDates-SectionsViewController.swift */,
			);
			name = Controllers;
			sourceTree = "<group>";
		};
/* End PBXGroup section */

/* Begin PBXNativeTarget section */
		A2DB4F6C1CC73085002AA8C3 /* CalendarioLobo */ = {
			isa = PBXNativeTarget;
			buildConfigurationList = A2DB4F7F1CC73085002AA8C3 /* Build configuration list for PBXNativeTarget "CalendarioLobo" */;
			buildPhases = (
				A2DB4F691CC73085002AA8C3 /* Sources */,
				A2DB4F6A1CC73085002AA8C3 /* Frameworks */,
				A2DB4F6B1CC73085002AA8C3 /* Resources */,
			);
			buildRules = (
			);
			dependencies = (
			);
			name = CalendarioLobo;
			productName = CalendarioLobo;
			productReference = A2DB4F6D1CC73085002AA8C3 /* CalendarioLobo.app */;
			productType = "com.apple.product-type.application";
		};
/* End PBXNativeTarget section */

/* Begin PBXProject section */
		A2DB4F651CC73085002AA8C3 /* Project object */ = {
			isa = PBXProject;
			attributes = {
				LastSwiftUpdateCheck = 0720;
				LastUpgradeCheck = 0720;
				ORGANIZATIONNAME = "Alexander Rivera";
				TargetAttributes = {
					A2DB4F6C1CC73085002AA8C3 = {
						CreatedOnToolsVersion = 7.2;
						DevelopmentTeam = S9L854MF98;
					};
				};
			};
			buildConfigurationList = A2DB4F681CC73085002AA8C3 /* Build configuration list for PBXProject "CalendarioLobo" */;
			compatibilityVersion = "Xcode 3.2";
			developmentRegion = English;
			hasScannedForEncodings = 0;
			knownRegions = (
				en,
				Base,
			);
			mainGroup = A2DB4F641CC73085002AA8C3;
			productRefGroup = A2DB4F6E1CC73085002AA8C3 /* Products */;
			projectDirPath = "";
			projectRoot = "";
			targets = (
				A2DB4F6C1CC73085002AA8C3 /* CalendarioLobo */,
			);
		};
/* End PBXProject section */

/* Begin PBXResourcesBuildPhase section */
		A2DB4F6B1CC73085002AA8C3 /* Resources */ = {
			isa = PBXResourcesBuildPhase;
			buildActionMask = 2147483647;
			files = (
				A2DB4F7B1CC73085002AA8C3 /* LaunchScreen.storyboard in Resources */,
				A2DB4F781CC73085002AA8C3 /* Assets.xcassets in Resources */,
				A2DB4F761CC73085002AA8C3 /* Main.storyboard in Resources */,
			);
			runOnlyForDeploymentPostprocessing = 0;
		};
/* End PBXResourcesBuildPhase section */

/* Begin PBXSourcesBuildPhase section */
		A2DB4F691CC73085002AA8C3 /* Sources */ = {
			isa = PBXSourcesBuildPhase;
			buildActionMask = 2147483647;
			files = (
				A2DB4F731CC73085002AA8C3 /* ViewController.swift in Sources */,
				A214BFB71CD187120049DCEE /* CritDates-SectionsViewController.swift in Sources */,
				A2DB4F711CC73085002AA8C3 /* AppDelegate.swift in Sources */,
			);
			runOnlyForDeploymentPostprocessing = 0;
		};
/* End PBXSourcesBuildPhase section */

/* Begin PBXVariantGroup section */
		A2DB4F741CC73085002AA8C3 /* Main.storyboard */ = {
			isa = PBXVariantGroup;
			children = (
				A2DB4F751CC73085002AA8C3 /* Base */,
			);
			name = Main.storyboard;
			sourceTree = "<group>";
		};
		A2DB4F791CC73085002AA8C3 /* LaunchScreen.storyboard */ = {
			isa = PBXVariantGroup;
			children = (
				A2DB4F7A1CC73085002AA8C3 /* Base */,
			);
			name = LaunchScreen.storyboard;
			sourceTree = "<group>";
		};
/* End PBXVariantGroup section */

/* Begin XCBuildConfiguration section */
		A2DB4F7D1CC73085002AA8C3 /* Debug */ = {
			isa = XCBuildConfiguration;
			buildSettings = {
				ALWAYS_SEARCH_USER_PATHS = NO;
				CLANG_CXX_LANGUAGE_STANDARD = "gnu++0x";
				CLANG_CXX_LIBRARY = "libc++";
				CLANG_ENABLE_MODULES = YES;
				CLANG_ENABLE_OBJC_ARC = YES;
				CLANG_WARN_BOOL_CONVERSION = YES;
				CLANG_WARN_CONSTANT_CONVERSION = YES;
				CLANG_WARN_DIRECT_OBJC_ISA_USAGE = YES_ERROR;
				CLANG_WARN_EMPTY_BODY = YES;
				CLANG_WARN_ENUM_CONVERSION = YES;
				CLANG_WARN_INT_CONVERSION = YES;
				CLANG_WARN_OBJC_ROOT_CLASS = YES_ERROR;
				CLANG_WARN_UNREACHABLE_CODE = YES;
				CLANG_WARN__DUPLICATE_METHOD_MATCH = YES;
				"CODE_SIGN_IDENTITY[sdk=iphoneos*]" = "iPhone Developer";
				COPY_PHASE_STRIP = NO;
				DEBUG_INFORMATION_FORMAT = dwarf;
				ENABLE_STRICT_OBJC_MSGSEND = YES;
				ENABLE_TESTABILITY = YES;
				GCC_C_LANGUAGE_STANDARD = gnu99;
				GCC_DYNAMIC_NO_PIC = NO;
				GCC_NO_COMMON_BLOCKS = YES;
				GCC_OPTIMIZATION_LEVEL = 0;
				GCC_PREPROCESSOR_DEFINITIONS = (
					"DEBUG=1",
					"$(inherited)",
				);
				GCC_WARN_64_TO_32_BIT_CONVERSION = YES;
				GCC_WARN_ABOUT_RETURN_TYPE = YES_ERROR;
				GCC_WARN_UNDECLARED_SELECTOR = YES;
				GCC_WARN_UNINITIALIZED_AUTOS = YES_AGGRESSIVE;
				GCC_WARN_UNUSED_FUNCTION = YES;
				GCC_WARN_UNUSED_VARIABLE = YES;
				IPHONEOS_DEPLOYMENT_TARGET = 9.2;
				MTL_ENABLE_DEBUG_INFO = YES;
				ONLY_ACTIVE_ARCH = YES;
				SDKROOT = iphoneos;
				SWIFT_OPTIMIZATION_LEVEL = "-Onone";
				TARGETED_DEVICE_FAMILY = "1,2";
			};
			name = Debug;
		};
		A2DB4F7E1CC73085002AA8C3 /* Release */ = {
			isa = XCBuildConfiguration;
			buildSettings = {
				ALWAYS_SEARCH_USER_PATHS = NO;
				CLANG_CXX_LANGUAGE_STANDARD = "gnu++0x";
				CLANG_CXX_LIBRARY = "libc++";
				CLANG_ENABLE_MODULES = YES;
				CLANG_ENABLE_OBJC_ARC = YES;
				CLANG_WARN_BOOL_CONVERSION = YES;
				CLANG_WARN_CONSTANT_CONVERSION = YES;
				CLANG_WARN_DIRECT_OBJC_ISA_USAGE = YES_ERROR;
				CLANG_WARN_EMPTY_BODY = YES;
				CLANG_WARN_ENUM_CONVERSION = YES;
				CLANG_WARN_INT_CONVERSION = YES;
				CLANG_WARN_OBJC_ROOT_CLASS = YES_ERROR;
				CLANG_WARN_UNREACHABLE_CODE = YES;
				CLANG_WARN__DUPLICATE_METHOD_MATCH = YES;
				"CODE_SIGN_IDENTITY[sdk=iphoneos*]" = "iPhone Developer";
				COPY_PHASE_STRIP = NO;
				DEBUG_INFORMATION_FORMAT = "dwarf-with-dsym";
				ENABLE_NS_ASSERTIONS = NO;
				ENABLE_STRICT_OBJC_MSGSEND = YES;
				GCC_C_LANGUAGE_STANDARD = gnu99;
				GCC_NO_COMMON_BLOCKS = YES;
				GCC_WARN_64_TO_32_BIT_CONVERSION = YES;
				GCC_WARN_ABOUT_RETURN_TYPE = YES_ERROR;
				GCC_WARN_UNDECLARED_SELECTOR = YES;
				GCC_WARN_UNINITIALIZED_AUTOS = YES_AGGRESSIVE;
				GCC_WARN_UNUSED_FUNCTION = YES;
				GCC_WARN_UNUSED_VARIABLE = YES;
				IPHONEOS_DEPLOYMENT_TARGET = 9.2;
				MTL_ENABLE_DEBUG_INFO = NO;
				SDKROOT = iphoneos;
				TARGETED_DEVICE_FAMILY = "1,2";
				VALIDATE_PRODUCT = YES;
			};
			name = Release;
		};
		A2DB4F801CC73085002AA8C3 /* Debug */ = {
			isa = XCBuildConfiguration;
			buildSettings = {
				ASSETCATALOG_COMPILER_APPICON_NAME = AppIcon;
				INFOPLIST_FILE = CalendarioLobo/Info.plist;
				LD_RUNPATH_SEARCH_PATHS = "$(inherited) @executable_path/Frameworks";
				PRODUCT_BUNDLE_IDENTIFIER = TreeClubStudios.CalendarioLobo;
				PRODUCT_NAME = "$(TARGET_NAME)";
			};
			name = Debug;
		};
		A2DB4F811CC73085002AA8C3 /* Release */ = {
			isa = XCBuildConfiguration;
			buildSettings = {
				ASSETCATALOG_COMPILER_APPICON_NAME = AppIcon;
				INFOPLIST_FILE = CalendarioLobo/Info.plist;
				LD_RUNPATH_SEARCH_PATHS = "$(inherited) @executable_path/Frameworks";
				PRODUCT_BUNDLE_IDENTIFIER = TreeClubStudios.CalendarioLobo;
				PRODUCT_NAME = "$(TARGET_NAME)";
			};
			name = Release;
		};
/* End XCBuildConfiguration section */

/* Begin XCConfigurationList section */
		A2DB4F681CC73085002AA8C3 /* Build configuration list for PBXProject "CalendarioLobo" */ = {
			isa = XCConfigurationList;
			buildConfigurations = (
				A2DB4F7D1CC73085002AA8C3 /* Debug */,
				A2DB4F7E1CC73085002AA8C3 /* Release */,
			);
			defaultConfigurationIsVisible = 0;
			defaultConfigurationName = Release;
		};
		A2DB4F7F1CC73085002AA8C3 /* Build configuration list for PBXNativeTarget "CalendarioLobo" */ = {
			isa = XCConfigurationList;
			buildConfigurations = (
				A2DB4F801CC73085002AA8C3 /* Debug */,
				A2DB4F811CC73085002AA8C3 /* Release */,
			);
			defaultConfigurationIsVisible = 0;
			defaultConfigurationName = Release;
		};
/* End XCConfigurationList section */
	};
	rootObject = A2DB4F651CC73085002AA8C3 /* Project object */;
}
